
Microsoft Visual Studio Solution File, Format Version 12.00
# Visual Studio 2012
Project("{FAE04EC0-301F-11D3-BF4B-00C04F79EFBC}") = "com.Cantaloupes.WebUI", "com.Cantaloupes.WebUI\com.Cantaloupes.WebUI.csproj", "{50E9F93D-8EAD-4F2A-B77D-8C235FF4CE2A}"
EndProject
Global
	GlobalSection(SolutionConfigurationPlatforms) = preSolution
		Debug|Any CPU = Debug|Any CPU
		Release|Any CPU = Release|Any CPU
	EndGlobalSection
	GlobalSection(ProjectConfigurationPlatforms) = postSolution
		{50E9F93D-8EAD-4F2A-B77D-8C235FF4CE2A}.Debug|Any CPU.ActiveCfg = Debug|Any CPU
		{50E9F93D-8EAD-4F2A-B77D-8C235FF4CE2A}.Debug|Any CPU.Build.0 = Debug|Any CPU
		{50E9F93D-8EAD-4F2A-B77D-8C235FF4CE2A}.Release|Any CPU.ActiveCfg = Release|Any CPU
		{50E9F93D-8EAD-4F2A-B77D-8C235FF4CE2A}.Release|Any CPU.Build.0 = Release|Any CPU
	EndGlobalSection
EndGlobal
